
Microsoft Visual Studio Solution File, Format Version 12.00
# Visual Studio Version 17
VisualStudioVersion = 17.14.36429.23 d17.14
MinimumVisualStudioVersion = 10.0.40219.1
Project("{FAE04EC0-301F-11D3-BF4B-00C04F79EFBC}") = "EmployeeRecordsApi", "EmployeeReccordsApi\EmployeeRecordsApi.csproj", "{C4D100DB-7358-4969-94E9-25A6C20A2C94}"
EndProject
Project("{FAE04EC0-301F-11D3-BF4B-00C04F79EFBC}") = "EmployeeRecordsCore", "EmployeeRecordsCore\EmployeeRecordsCore.csproj", "{530DCAA9-BC6B-4A3C-9762-3BB764606C6B}"
EndProject
Project("{FAE04EC0-301F-11D3-BF4B-00C04F79EFBC}") = "EmployeeRecordsInfrastructure", "EmployeeRecordsInfrastructure\EmployeeRecordsInfrastructure.csproj", "{6B2AB3E8-7093-4738-904F-76133D01F157}"
EndProject
Project("{FAE04EC0-301F-11D3-BF4B-00C04F79EFBC}") = "EmployeeRecordsTests", "EmployeeRecordsTests\EmployeeRecordsTests.csproj", "{EA270DE1-B71C-4175-A656-DDFB9C89F5A1}"
EndProject
Global
	GlobalSection(SolutionConfigurationPlatforms) = preSolution
		Debug|Any CPU = Debug|Any CPU
		Release|Any CPU = Release|Any CPU
	EndGlobalSection
	GlobalSection(ProjectConfigurationPlatforms) = postSolution
		{C4D100DB-7358-4969-94E9-25A6C20A2C94}.Debug|Any CPU.ActiveCfg = Debug|Any CPU
		{C4D100DB-7358-4969-94E9-25A6C20A2C94}.Debug|Any CPU.Build.0 = Debug|Any CPU
		{C4D100DB-7358-4969-94E9-25A6C20A2C94}.Release|Any CPU.ActiveCfg = Release|Any CPU
		{C4D100DB-7358-4969-94E9-25A6C20A2C94}.Release|Any CPU.Build.0 = Release|Any CPU
		{530DCAA9-BC6B-4A3C-9762-3BB764606C6B}.Debug|Any CPU.ActiveCfg = Debug|Any CPU
		{530DCAA9-BC6B-4A3C-9762-3BB764606C6B}.Debug|Any CPU.Build.0 = Debug|Any CPU
		{530DCAA9-BC6B-4A3C-9762-3BB764606C6B}.Release|Any CPU.ActiveCfg = Release|Any CPU
		{530DCAA9-BC6B-4A3C-9762-3BB764606C6B}.Release|Any CPU.Build.0 = Release|Any CPU
		{6B2AB3E8-7093-4738-904F-76133D01F157}.Debug|Any CPU.ActiveCfg = Debug|Any CPU
		{6B2AB3E8-7093-4738-904F-76133D01F157}.Debug|Any CPU.Build.0 = Debug|Any CPU
		{6B2AB3E8-7093-4738-904F-76133D01F157}.Release|Any CPU.ActiveCfg = Release|Any CPU
		{6B2AB3E8-7093-4738-904F-76133D01F157}.Release|Any CPU.Build.0 = Release|Any CPU
		{EA270DE1-B71C-4175-A656-DDFB9C89F5A1}.Debug|Any CPU.ActiveCfg = Debug|Any CPU
		{EA270DE1-B71C-4175-A656-DDFB9C89F5A1}.Debug|Any CPU.Build.0 = Debug|Any CPU
		{EA270DE1-B71C-4175-A656-DDFB9C89F5A1}.Release|Any CPU.ActiveCfg = Release|Any CPU
		{EA270DE1-B71C-4175-A656-DDFB9C89F5A1}.Release|Any CPU.Build.0 = Release|Any CPU
	EndGlobalSection
	GlobalSection(SolutionProperties) = preSolution
		HideSolutionNode = FALSE
	EndGlobalSection
	GlobalSection(ExtensibilityGlobals) = postSolution
		SolutionGuid = {34D501A3-B769-4B02-AA0E-6AF36EAC5FFA}
	EndGlobalSection
EndGlobal
